// !$*UTF8*$!
{
	archiveVersion = 1;
	classes = {
	};
	objectVersion = 46;
	objects = {

		F6CF8DB600CD1C3E77201751 = {isa = PBXBuildFile; fileRef = 32C0029DB4D373F9EEC7F3A1; };
		0AFF545FA9144A291DB45AA9 = {isa = PBXBuildFile; fileRef = 0F81A8139709FFB6E0374005; };
		1F588F7C621BD480D7873B7F = {isa = PBXBuildFile; fileRef = BD867386A6E21CC19DFFD97C; };
		A2C1D7A4C1786DCA5E76F9AB = {isa = PBXBuildFile; fileRef = 4CAE62A0B42F6D024599DF7C; };
		0D57C1E7C0F6A0CE6F71F78E = {isa = PBXBuildFile; fileRef = DB3697A59CEE3285D1EFC2FF; };
		1BFE887F1C68D12F0837B7D4 = {isa = PBXBuildFile; fileRef = 140DB925FB4E98D4FC4DD0A9; };
		49EF4AA43DC996FA1388EAFC = {isa = PBXBuildFile; fileRef = 2788857397217BB7F395C7DE; };
		280E243BA70EAB6C32E64D1F = {isa = PBXBuildFile; fileRef = CF90E6C9F4D1FFCB5BBD5649; };
		C747D5EEE97CED7ADA65C68B = {isa = PBXBuildFile; fileRef = D0977DC6C61EBE644862C9D8; };
		42E679CDB7B054E474124827 = {isa = PBXBuildFile; fileRef = 9ABF1AAB6B44093FE16F9C90; };
		966CA61CD8B1FC31C8FC1283 = {isa = PBXBuildFile; fileRef = 2998C861754297DACD557B60; };
		960FA79EB505BF6468B23995 = {isa = PBXBuildFile; fileRef = 277579BF0DE4A97EF41B1074; };
		B90A0025EB260CB87477D61A = {isa = PBXBuildFile; fileRef = 5B03BBCF1E022E6F3F70A4E4; };
		A1CF5F701F08A743F70967EA = {isa = PBXBuildFile; fileRef = 42F3352D08AFC7168305C9A9; };
		718E5407A0BA24C74BDA0901 = {isa = PBXBuildFile; fileRef = E71DD981E4A77910D8F07DE5; };
		506E8400F8A44E493943D683 = {isa = PBXBuildFile; fileRef = 6B8DA1F98257AE4A02086A48; };
		5C274F49C94A5FBFB5F81972 = {isa = PBXBuildFile; fileRef = 6323358A326041B0FFD86CE8; };
		F5969986714FE14B0B083B41 = {isa = PBXBuildFile; fileRef = B2707C8F5D3B608D7C79D9FD; };
		060FDB295958681B591D0F51 = {isa = PBXBuildFile; fileRef = 97CFF1B377AFA6BAB35FBF76; };
		891B1CB4E6638BBF084F9B4D = {isa = PBXBuildFile; fileRef = 07FAE56D7DB460BDBBC279F8; };
		7A90D668B9915F9F6908ABB7 = {isa = PBXBuildFile; fileRef = 3840103A5694332E4BEA30FD; };
		B40348337BAA72E04159B63A = {isa = PBXBuildFile; fileRef = 850BD5E46DBA490CF2BC17C7; };
		0E6053CDCB7B6561AA905C60 = {isa = PBXBuildFile; fileRef = 668DF0AE0A7C1FF1E3811020; };
		D85248ADABF28D651A2A3BFB = {isa = PBXBuildFile; fileRef = 11EE44E0F99B3DB9E0734318; };
		00356462CA78D187E699D35B = {isa = PBXBuildFile; fileRef = CB9A9E236E647125558BC45B; };
		42094E6EC471FF5D36A6D5F0 = {isa = PBXBuildFile; fileRef = 1F93D717DD9C28A1CDAA7BB0; };
		502794640A15548690434002 = {isa = PBXBuildFile; fileRef = CB28478733F357F37C204774; };
		402C7B9D1A5F3C4822E0D09A = {isa = PBXBuildFile; fileRef = 85CF77A5EF1A67EBD23441B7; };
		9F0B9BF5051B5B457346A3BC = {isa = PBXBuildFile; fileRef = DFA7799E09E57EDF3993A927; };
		B87461000755EF64C6437759 = {isa = PBXBuildFile; fileRef = 258744559C25AD58CD4A2C65; };
		22D7F40D6169F922F0728D1A = {isa = PBXBuildFile; fileRef = D257A878AB1D2608ACB76D81; };
		9D88452BECB2E2C95A65DE77 = {isa = PBXBuildFile; fileRef = EE3BACB6EE5300FC6054CA06; };
		07FAE56D7DB460BDBBC279F8 = {isa = PBXFileReference; lastKnownFileType = sourcecode.cpp.objcpp; name = "include_juce_audio_devices.mm"; path = "../../JuceLibraryCode/include_juce_audio_devices.mm"; sourceTree = "SOURCE_ROOT"; };
		09A9374343415990C3D39AEB = {isa = PBXFileReference; lastKnownFileType = file; name = "juce_gui_extra"; path = "../../../../../../../Applications/JUCE/modules/juce_gui_extra"; sourceTree = "SOURCE_ROOT"; };
		0F81A8139709FFB6E0374005 = {isa = PBXFileReference; lastKnownFileType = wrapper.framework; name = Accelerate.framework; path = System/Library/Frameworks/Accelerate.framework; sourceTree = SDKROOT; };
		11EE44E0F99B3DB9E0734318 = {isa = PBXFileReference; lastKnownFileType = sourcecode.cpp.objcpp; name = "include_juce_core.mm"; path = "../../JuceLibraryCode/include_juce_core.mm"; sourceTree = "SOURCE_ROOT"; };
		140DB925FB4E98D4FC4DD0A9 = {isa = PBXFileReference; lastKnownFileType = wrapper.framework; name = Carbon.framework; path = System/Library/Frameworks/Carbon.framework; sourceTree = SDKROOT; };
		1F93D717DD9C28A1CDAA7BB0 = {isa = PBXFileReference; lastKnownFileType = sourcecode.cpp.objcpp; name = "include_juce_data_structures.mm"; path = "../../JuceLibraryCode/include_juce_data_structures.mm"; sourceTree = "SOURCE_ROOT"; };
		258744559C25AD58CD4A2C65 = {isa = PBXFileReference; lastKnownFileType = sourcecode.cpp.objcpp; name = "include_juce_gui_extra.mm"; path = "../../JuceLibraryCode/include_juce_gui_extra.mm"; sourceTree = "SOURCE_ROOT"; };
		25F3211307B09A1B40FE1B36 = {isa = PBXFileReference; lastKnownFileType = file; name = "juce_audio_formats"; path = "../../../../../../../Applications/JUCE/modules/juce_audio_formats"; sourceTree = "SOURCE_ROOT"; };
		277579BF0DE4A97EF41B1074 = {isa = PBXFileReference; lastKnownFileType = wrapper.framework; name = IOKit.framework; path = System/Library/Frameworks/IOKit.framework; sourceTree = SDKROOT; };
		2788857397217BB7F395C7DE = {isa = PBXFileReference; lastKnownFileType = wrapper.framework; name = Cocoa.framework; path = System/Library/Frameworks/Cocoa.framework; sourceTree = SDKROOT; };
		2998C861754297DACD557B60 = {isa = PBXFileReference; lastKnownFileType = wrapper.framework; name = DiscRecording.framework; path = System/Library/Frameworks/DiscRecording.framework; sourceTree = SDKROOT; };
		32C0029DB4D373F9EEC7F3A1 = {isa = PBXFileReference; explicitFileType = wrapper.application; includeInIndex = 0; path = "Clothes hanger.app"; sourceTree = "BUILT_PRODUCTS_DIR"; };
		3840103A5694332E4BEA30FD = {isa = PBXFileReference; lastKnownFileType = sourcecode.cpp.objcpp; name = "include_juce_audio_formats.mm"; path = "../../JuceLibraryCode/include_juce_audio_formats.mm"; sourceTree = "SOURCE_ROOT"; };
		3F565AAE49680093194BA420 = {isa = PBXFileReference; lastKnownFileType = file; name = "juce_data_structures"; path = "../../../../../../../Applications/JUCE/modules/juce_data_structures"; sourceTree = "SOURCE_ROOT"; };
		42F3352D08AFC7168305C9A9 = {isa = PBXFileReference; lastKnownFileType = wrapper.framework; name = QuartzCore.framework; path = System/Library/Frameworks/QuartzCore.framework; sourceTree = SDKROOT; };
		4CAE62A0B42F6D024599DF7C = {isa = PBXFileReference; lastKnownFileType = wrapper.framework; name = AVFoundation.framework; path = System/Library/Frameworks/AVFoundation.framework; sourceTree = SDKROOT; };
		5B03BBCF1E022E6F3F70A4E4 = {isa = PBXFileReference; lastKnownFileType = wrapper.framework; name = OpenGL.framework; path = System/Library/Frameworks/OpenGL.framework; sourceTree = SDKROOT; };
		6323358A326041B0FFD86CE8 = {isa = PBXFileReference; lastKnownFileType = sourcecode.cpp.cpp; name = MainComponent.cpp; path = ../../Source/MainComponent.cpp; sourceTree = "SOURCE_ROOT"; };
		668DF0AE0A7C1FF1E3811020 = {isa = PBXFileReference; lastKnownFileType = sourcecode.cpp.objcpp; name = "include_juce_audio_utils.mm"; path = "../../JuceLibraryCode/include_juce_audio_utils.mm"; sourceTree = "SOURCE_ROOT"; };
		6B8DA1F98257AE4A02086A48 = {isa = PBXFileReference; lastKnownFileType = file.nib; name = RecentFilesMenuTemplate.nib; path = RecentFilesMenuTemplate.nib; sourceTree = "SOURCE_ROOT"; };
		75C64BA7ECE0C61E63D5189D = {isa = PBXFileReference; lastKnownFileType = file; name = "juce_core"; path = "../../../../../../../Applications/JUCE/modules/juce_core"; sourceTree = "SOURCE_ROOT"; };
		84C7F0BB21B474AD3496852F = {isa = PBXFileReference; lastKnownFileType = file; name = "juce_graphics"; path = "../../../../../../../Applications/JUCE/modules/juce_graphics"; sourceTree = "SOURCE_ROOT"; };
		850BD5E46DBA490CF2BC17C7 = {isa = PBXFileReference; lastKnownFileType = sourcecode.cpp.objcpp; name = "include_juce_audio_processors.mm"; path = "../../JuceLibraryCode/include_juce_audio_processors.mm"; sourceTree = "SOURCE_ROOT"; };
		85CF77A5EF1A67EBD23441B7 = {isa = PBXFileReference; lastKnownFileType = sourcecode.cpp.objcpp; name = "include_juce_graphics.mm"; path = "../../JuceLibraryCode/include_juce_graphics.mm"; sourceTree = "SOURCE_ROOT"; };
		96A6BF703E7902BB39DC438D = {isa = PBXFileReference; lastKnownFileType = text.plist.xml; name = "Info-App.plist"; path = "Info-App.plist"; sourceTree = "SOURCE_ROOT"; };
		97CFF1B377AFA6BAB35FBF76 = {isa = PBXFileReference; lastKnownFileType = sourcecode.cpp.objcpp; name = "include_juce_audio_basics.mm"; path = "../../JuceLibraryCode/include_juce_audio_basics.mm"; sourceTree = "SOURCE_ROOT"; };
		9ABF1AAB6B44093FE16F9C90 = {isa = PBXFileReference; lastKnownFileType = wrapper.framework; name = CoreMIDI.framework; path = System/Library/Frameworks/CoreMIDI.framework; sourceTree = SDKROOT; };
		A433BE6B7DB464EFA7916479 = {isa = PBXFileReference; lastKnownFileType = file; name = "juce_video"; path = "../../../../../../../Applications/JUCE/modules/juce_video"; sourceTree = "SOURCE_ROOT"; };
		AB8232F14C7CC9FCEF63DBC3 = {isa = PBXFileReference; lastKnownFileType = file; name = "juce_audio_utils"; path = "../../../../../../../Applications/JUCE/modules/juce_audio_utils"; sourceTree = "SOURCE_ROOT"; };
		B2707C8F5D3B608D7C79D9FD = {isa = PBXFileReference; lastKnownFileType = sourcecode.cpp.cpp; name = Main.cpp; path = ../../Source/Main.cpp; sourceTree = "SOURCE_ROOT"; };
		B3B37DD69EF453ACA766AF5D = {isa = PBXFileReference; lastKnownFileType = sourcecode.c.h; name = MainComponent.h; path = ../../Source/MainComponent.h; sourceTree = "SOURCE_ROOT"; };
		B3B3A6A83410C7F0EE17403B = {isa = PBXFileReference; lastKnownFileType = file; name = "juce_audio_processors"; path = "../../../../../../../Applications/JUCE/modules/juce_audio_processors"; sourceTree = "SOURCE_ROOT"; };
		B873259AD7993A03E7FE7DEE = {isa = PBXFileReference; lastKnownFileType = file; name = "juce_opengl"; path = "../../../../../../../Applications/JUCE/modules/juce_opengl"; sourceTree = "SOURCE_ROOT"; };
		BD867386A6E21CC19DFFD97C = {isa = PBXFileReference; lastKnownFileType = wrapper.framework; name = AudioToolbox.framework; path = System/Library/Frameworks/AudioToolbox.framework; sourceTree = SDKROOT; };
		C8F01F123AC3528E9C54E35F = {isa = PBXFileReference; lastKnownFileType = sourcecode.c.h; name = AppConfig.h; path = ../../JuceLibraryCode/AppConfig.h; sourceTree = "SOURCE_ROOT"; };
		CB28478733F357F37C204774 = {isa = PBXFileReference; lastKnownFileType = sourcecode.cpp.objcpp; name = "include_juce_events.mm"; path = "../../JuceLibraryCode/include_juce_events.mm"; sourceTree = "SOURCE_ROOT"; };
		CB9A9E236E647125558BC45B = {isa = PBXFileReference; lastKnownFileType = sourcecode.cpp.objcpp; name = "include_juce_cryptography.mm"; path = "../../JuceLibraryCode/include_juce_cryptography.mm"; sourceTree = "SOURCE_ROOT"; };
		CC1115A33B6FBCBB6CE691B5 = {isa = PBXFileReference; lastKnownFileType = file; name = "juce_audio_basics"; path = "../../../../../../../Applications/JUCE/modules/juce_audio_basics"; sourceTree = "SOURCE_ROOT"; };
		CF90E6C9F4D1FFCB5BBD5649 = {isa = PBXFileReference; lastKnownFileType = wrapper.framework; name = CoreAudio.framework; path = System/Library/Frameworks/CoreAudio.framework; sourceTree = SDKROOT; };
		D0977DC6C61EBE644862C9D8 = {isa = PBXFileReference; lastKnownFileType = wrapper.framework; name = CoreMedia.framework; path = System/Library/Frameworks/CoreMedia.framework; sourceTree = SDKROOT; };
		D257A878AB1D2608ACB76D81 = {isa = PBXFileReference; lastKnownFileType = sourcecode.cpp.objcpp; name = "include_juce_opengl.mm"; path = "../../JuceLibraryCode/include_juce_opengl.mm"; sourceTree = "SOURCE_ROOT"; };
		D366F3C2ED13C57492668D88 = {isa = PBXFileReference; lastKnownFileType = sourcecode.c.h; name = JuceHeader.h; path = ../../JuceLibraryCode/JuceHeader.h; sourceTree = "SOURCE_ROOT"; };
		DB3697A59CEE3285D1EFC2FF = {isa = PBXFileReference; lastKnownFileType = wrapper.framework; name = AVKit.framework; path = System/Library/Frameworks/AVKit.framework; sourceTree = SDKROOT; };
		DF5DE50FD54EF757AB9A3F95 = {isa = PBXFileReference; lastKnownFileType = file; name = "juce_events"; path = "../../../../../../../Applications/JUCE/modules/juce_events"; sourceTree = "SOURCE_ROOT"; };
		DFA7799E09E57EDF3993A927 = {isa = PBXFileReference; lastKnownFileType = sourcecode.cpp.objcpp; name = "include_juce_gui_basics.mm"; path = "../../JuceLibraryCode/include_juce_gui_basics.mm"; sourceTree = "SOURCE_ROOT"; };
		E71DD981E4A77910D8F07DE5 = {isa = PBXFileReference; lastKnownFileType = wrapper.framework; name = WebKit.framework; path = System/Library/Frameworks/WebKit.framework; sourceTree = SDKROOT; };
		EE3BACB6EE5300FC6054CA06 = {isa = PBXFileReference; lastKnownFileType = sourcecode.cpp.objcpp; name = "include_juce_video.mm"; path = "../../JuceLibraryCode/include_juce_video.mm"; sourceTree = "SOURCE_ROOT"; };
		F0D964ACD336D484EC048517 = {isa = PBXFileReference; lastKnownFileType = file; name = "juce_cryptography"; path = "../../../../../../../Applications/JUCE/modules/juce_cryptography"; sourceTree = "SOURCE_ROOT"; };
		FEAA7ECFE5E78CBFF35F9B4D = {isa = PBXFileReference; lastKnownFileType = file; name = "juce_gui_basics"; path = "../../../../../../../Applications/JUCE/modules/juce_gui_basics"; sourceTree = "SOURCE_ROOT"; };
		FFAC4251C0CA3FE01B5048E2 = {isa = PBXFileReference; lastKnownFileType = file; name = "juce_audio_devices"; path = "../../../../../../../Applications/JUCE/modules/juce_audio_devices"; sourceTree = "SOURCE_ROOT"; };
		26C96C7A7901BE046B2995B3 = {isa = PBXGroup; children = (
					B3B37DD69EF453ACA766AF5D,
					6323358A326041B0FFD86CE8,
					B2707C8F5D3B608D7C79D9FD, ); name = Source; sourceTree = "<group>"; };
		8D483821465BFA3FAC3DABAA = {isa = PBXGroup; children = (
					26C96C7A7901BE046B2995B3, ); name = "Clothes hanger"; sourceTree = "<group>"; };
		81D84AE3F2EE59C4B111C9DA = {isa = PBXGroup; children = (
					CC1115A33B6FBCBB6CE691B5,
					FFAC4251C0CA3FE01B5048E2,
					25F3211307B09A1B40FE1B36,
					B3B3A6A83410C7F0EE17403B,
					AB8232F14C7CC9FCEF63DBC3,
					75C64BA7ECE0C61E63D5189D,
					F0D964ACD336D484EC048517,
					3F565AAE49680093194BA420,
					DF5DE50FD54EF757AB9A3F95,
					84C7F0BB21B474AD3496852F,
					FEAA7ECFE5E78CBFF35F9B4D,
					09A9374343415990C3D39AEB,
					B873259AD7993A03E7FE7DEE,
					A433BE6B7DB464EFA7916479, ); name = "JUCE Modules"; sourceTree = "<group>"; };
		2E9E58478FDA62C28E655A7A = {isa = PBXGroup; children = (
					C8F01F123AC3528E9C54E35F,
					97CFF1B377AFA6BAB35FBF76,
					07FAE56D7DB460BDBBC279F8,
					3840103A5694332E4BEA30FD,
					850BD5E46DBA490CF2BC17C7,
					668DF0AE0A7C1FF1E3811020,
					11EE44E0F99B3DB9E0734318,
					CB9A9E236E647125558BC45B,
					1F93D717DD9C28A1CDAA7BB0,
					CB28478733F357F37C204774,
					85CF77A5EF1A67EBD23441B7,
					DFA7799E09E57EDF3993A927,
					258744559C25AD58CD4A2C65,
					D257A878AB1D2608ACB76D81,
					EE3BACB6EE5300FC6054CA06,
					D366F3C2ED13C57492668D88, ); name = "JUCE Library Code"; sourceTree = "<group>"; };
		A163478B2BBAD4E5FFB2CB48 = {isa = PBXGroup; children = (
					96A6BF703E7902BB39DC438D,
					6B8DA1F98257AE4A02086A48, ); name = Resources; sourceTree = "<group>"; };
		F7133F941A479205F15A1AC4 = {isa = PBXGroup; children = (
					0F81A8139709FFB6E0374005,
					BD867386A6E21CC19DFFD97C,
					4CAE62A0B42F6D024599DF7C,
					DB3697A59CEE3285D1EFC2FF,
					140DB925FB4E98D4FC4DD0A9,
					2788857397217BB7F395C7DE,
					CF90E6C9F4D1FFCB5BBD5649,
					D0977DC6C61EBE644862C9D8,
					9ABF1AAB6B44093FE16F9C90,
					2998C861754297DACD557B60,
					277579BF0DE4A97EF41B1074,
					5B03BBCF1E022E6F3F70A4E4,
					42F3352D08AFC7168305C9A9,
					E71DD981E4A77910D8F07DE5, ); name = Frameworks; sourceTree = "<group>"; };
		8ABA387B811F0335CF8FCEEB = {isa = PBXGroup; children = (
					32C0029DB4D373F9EEC7F3A1, ); name = Products; sourceTree = "<group>"; };
		7063C125D94FC0DCD83D3149 = {isa = PBXGroup; children = (
					8D483821465BFA3FAC3DABAA,
					81D84AE3F2EE59C4B111C9DA,
					2E9E58478FDA62C28E655A7A,
					A163478B2BBAD4E5FFB2CB48,
					F7133F941A479205F15A1AC4,
					8ABA387B811F0335CF8FCEEB, ); name = Source; sourceTree = "<group>"; };
		075722D35FE146A401B46294 = {isa = XCBuildConfiguration; buildSettings = {
				CLANG_CXX_LANGUAGE_STANDARD = "c++14";
				CLANG_LINK_OBJC_RUNTIME = NO;
				COMBINE_HIDPI_IMAGES = YES;
				CONFIGURATION_BUILD_DIR = "$(PROJECT_DIR)/build/$(CONFIGURATION)";
				COPY_PHASE_STRIP = NO;
				GCC_DYNAMIC_NO_PIC = NO;
				GCC_OPTIMIZATION_LEVEL = 0;
				GCC_PREPROCESSOR_DEFINITIONS = (
					"_DEBUG=1",
					"DEBUG=1",
					"JUCER_XCODE_MAC_F6D2F4CF=1",
					"JUCE_APP_VERSION=1.0.0",
					"JUCE_APP_VERSION_HEX=0x10000",
					"JucePlugin_Build_VST=0",
					"JucePlugin_Build_VST3=0",
					"JucePlugin_Build_AU=0",
					"JucePlugin_Build_AUv3=0",
					"JucePlugin_Build_RTAS=0",
					"JucePlugin_Build_AAX=0",
					"JucePlugin_Build_Standalone=0", );
				GCC_VERSION = com.apple.compilers.llvm.clang.1_0;
				HEADER_SEARCH_PATHS = ("../../JuceLibraryCode", "../../../../../../../Applications/JUCE/modules", "$(inherited)");
				INFOPLIST_FILE = Info-App.plist;
				INFOPLIST_PREPROCESS = NO;
				INSTALL_PATH = "$(HOME)/Applications";
				MACOSX_DEPLOYMENT_TARGET = 10.11;
				MACOSX_DEPLOYMENT_TARGET_ppc = 10.4;
				PRODUCT_BUNDLE_IDENTIFIER = com.yourcompany.Clotheshanger;
				SDKROOT_ppc = macosx10.5;
				USE_HEADERMAP = NO; }; name = Debug; };
		681833439F2E21214DB819AB = {isa = XCBuildConfiguration; buildSettings = {
				CLANG_CXX_LANGUAGE_STANDARD = "c++14";
				CLANG_LINK_OBJC_RUNTIME = NO;
				COMBINE_HIDPI_IMAGES = YES;
				CONFIGURATION_BUILD_DIR = "$(PROJECT_DIR)/build/$(CONFIGURATION)";
				DEAD_CODE_STRIPPING = YES;
				GCC_GENERATE_DEBUGGING_SYMBOLS = NO;
				GCC_OPTIMIZATION_LEVEL = 3;
				GCC_PREPROCESSOR_DEFINITIONS = (
					"_NDEBUG=1",
					"NDEBUG=1",
					"JUCER_XCODE_MAC_F6D2F4CF=1",
					"JUCE_APP_VERSION=1.0.0",
					"JUCE_APP_VERSION_HEX=0x10000",
					"JucePlugin_Build_VST=0",
					"JucePlugin_Build_VST3=0",
					"JucePlugin_Build_AU=0",
					"JucePlugin_Build_AUv3=0",
					"JucePlugin_Build_RTAS=0",
					"JucePlugin_Build_AAX=0",
					"JucePlugin_Build_Standalone=0", );
				GCC_SYMBOLS_PRIVATE_EXTERN = YES;
				GCC_VERSION = com.apple.compilers.llvm.clang.1_0;
				HEADER_SEARCH_PATHS = ("../../JuceLibraryCode", "../../../../../../../Applications/JUCE/modules", "$(inherited)");
				INFOPLIST_FILE = Info-App.plist;
				INFOPLIST_PREPROCESS = NO;
				INSTALL_PATH = "$(HOME)/Applications";
				LLVM_LTO = YES;
				MACOSX_DEPLOYMENT_TARGET = 10.11;
				MACOSX_DEPLOYMENT_TARGET_ppc = 10.4;
				PRODUCT_BUNDLE_IDENTIFIER = com.yourcompany.Clotheshanger;
				SDKROOT_ppc = macosx10.5;
				USE_HEADERMAP = NO; }; name = Release; };
		789C1F8677D71BABC6BC511A = {isa = XCBuildConfiguration; buildSettings = {
				ALWAYS_SEARCH_USER_PATHS = NO;
				CLANG_WARN_BLOCK_CAPTURE_AUTORELEASING = YES;
				CLANG_WARN_BOOL_CONVERSION = YES;
				CLANG_WARN_COMMA = YES;
				CLANG_WARN_CONSTANT_CONVERSION = YES;
				CLANG_WARN_EMPTY_BODY = YES;
				CLANG_WARN_ENUM_CONVERSION = YES;
				CLANG_WARN_INFINITE_RECURSION = YES;
				CLANG_WARN_INT_CONVERSION = YES;
				CLANG_WARN_NON_LITERAL_NULL_CONVERSION = YES;
				CLANG_WARN_OBJC_LITERAL_CONVERSION = YES;
				CLANG_WARN_RANGE_LOOP_ANALYSIS = YES;
				CLANG_WARN_STRICT_PROTOTYPES = YES;
				CLANG_WARN_SUSPICIOUS_MOVE = YES;
				CLANG_WARN_UNREACHABLE_CODE = YES;
				CLANG_WARN__DUPLICATE_METHOD_MATCH = YES;
				DEBUG_INFORMATION_FORMAT = "dwarf";
				ENABLE_STRICT_OBJC_MSGSEND = YES;
				ENABLE_TESTABILITY = YES;
				GCC_C_LANGUAGE_STANDARD = c11;
				GCC_INLINES_ARE_PRIVATE_EXTERN = YES;
				GCC_MODEL_TUNING = G5;
				GCC_NO_COMMON_BLOCKS = YES;
				GCC_WARN_64_TO_32_BIT_CONVERSION = YES;
				GCC_WARN_ABOUT_RETURN_TYPE = YES;
				GCC_WARN_CHECK_SWITCH_STATEMENTS = YES;
				GCC_WARN_MISSING_PARENTHESES = YES;
				GCC_WARN_NON_VIRTUAL_DESTRUCTOR = YES;
				GCC_WARN_TYPECHECK_CALLS_TO_PRINTF = YES;
				GCC_WARN_UNDECLARED_SELECTOR = YES;
				GCC_WARN_UNINITIALIZED_AUTOS = YES;
				GCC_WARN_UNUSED_FUNCTION = YES;
				GCC_WARN_UNUSED_VARIABLE = YES;
				ONLY_ACTIVE_ARCH = YES;
				PRODUCT_NAME = "Clothes hanger";
				WARNING_CFLAGS = -Wreorder;
				ZERO_LINK = NO; }; name = Debug; };
		3F48E124663E2637CB3A070D = {isa = XCBuildConfiguration; buildSettings = {
				ALWAYS_SEARCH_USER_PATHS = NO;
				CLANG_WARN_BLOCK_CAPTURE_AUTORELEASING = YES;
				CLANG_WARN_BOOL_CONVERSION = YES;
				CLANG_WARN_COMMA = YES;
				CLANG_WARN_CONSTANT_CONVERSION = YES;
				CLANG_WARN_EMPTY_BODY = YES;
				CLANG_WARN_ENUM_CONVERSION = YES;
				CLANG_WARN_INFINITE_RECURSION = YES;
				CLANG_WARN_INT_CONVERSION = YES;
				CLANG_WARN_NON_LITERAL_NULL_CONVERSION = YES;
				CLANG_WARN_OBJC_LITERAL_CONVERSION = YES;
				CLANG_WARN_RANGE_LOOP_ANALYSIS = YES;
				CLANG_WARN_STRICT_PROTOTYPES = YES;
				CLANG_WARN_SUSPICIOUS_MOVE = YES;
				CLANG_WARN_UNREACHABLE_CODE = YES;
				CLANG_WARN__DUPLICATE_METHOD_MATCH = YES;
				DEBUG_INFORMATION_FORMAT = "dwarf";
				ENABLE_STRICT_OBJC_MSGSEND = YES;
				GCC_C_LANGUAGE_STANDARD = c11;
				GCC_INLINES_ARE_PRIVATE_EXTERN = YES;
				GCC_MODEL_TUNING = G5;
				GCC_NO_COMMON_BLOCKS = YES;
				GCC_WARN_64_TO_32_BIT_CONVERSION = YES;
				GCC_WARN_ABOUT_RETURN_TYPE = YES;
				GCC_WARN_CHECK_SWITCH_STATEMENTS = YES;
				GCC_WARN_MISSING_PARENTHESES = YES;
				GCC_WARN_NON_VIRTUAL_DESTRUCTOR = YES;
				GCC_WARN_TYPECHECK_CALLS_TO_PRINTF = YES;
				GCC_WARN_UNDECLARED_SELECTOR = YES;
				GCC_WARN_UNINITIALIZED_AUTOS = YES;
				GCC_WARN_UNUSED_FUNCTION = YES;
				GCC_WARN_UNUSED_VARIABLE = YES;
				PRODUCT_NAME = "Clothes hanger";
				WARNING_CFLAGS = -Wreorder;
				ZERO_LINK = NO; }; name = Release; };
		1863318D825A81F5FD40834C = {isa = PBXTargetDependency; target = 42A43EE66372DE68BCDC8ED7; };
		0B2DDF179BCEAD1DADC12AA2 = {isa = XCConfigurationList; buildConfigurations = (
					789C1F8677D71BABC6BC511A,
					3F48E124663E2637CB3A070D, ); defaultConfigurationIsVisible = 0; defaultConfigurationName = Debug; };
		91B1CABE8A70039F0B4BF5AB = {isa = XCConfigurationList; buildConfigurations = (
					075722D35FE146A401B46294,
					681833439F2E21214DB819AB, ); defaultConfigurationIsVisible = 0; defaultConfigurationName = Debug; };
		B5786DE269B5A6D457CBD5C5 = {isa = PBXResourcesBuildPhase; buildActionMask = 2147483647; files = (
					506E8400F8A44E493943D683, ); runOnlyForDeploymentPostprocessing = 0; };
		D7205797DC127F180136BC51 = {isa = PBXSourcesBuildPhase; buildActionMask = 2147483647; files = (
					5C274F49C94A5FBFB5F81972,
					F5969986714FE14B0B083B41,
					060FDB295958681B591D0F51,
					891B1CB4E6638BBF084F9B4D,
					7A90D668B9915F9F6908ABB7,
					B40348337BAA72E04159B63A,
					0E6053CDCB7B6561AA905C60,
					D85248ADABF28D651A2A3BFB,
					00356462CA78D187E699D35B,
					42094E6EC471FF5D36A6D5F0,
					502794640A15548690434002,
					402C7B9D1A5F3C4822E0D09A,
					9F0B9BF5051B5B457346A3BC,
					B87461000755EF64C6437759,
					22D7F40D6169F922F0728D1A,
					9D88452BECB2E2C95A65DE77, ); runOnlyForDeploymentPostprocessing = 0; };
		08A59F263FA0E36D2B8748E0 = {isa = PBXFrameworksBuildPhase; buildActionMask = 2147483647; files = (
					0AFF545FA9144A291DB45AA9,
					1F588F7C621BD480D7873B7F,
					A2C1D7A4C1786DCA5E76F9AB,
					0D57C1E7C0F6A0CE6F71F78E,
					1BFE887F1C68D12F0837B7D4,
					49EF4AA43DC996FA1388EAFC,
					280E243BA70EAB6C32E64D1F,
					C747D5EEE97CED7ADA65C68B,
					42E679CDB7B054E474124827,
					966CA61CD8B1FC31C8FC1283,
					960FA79EB505BF6468B23995,
					B90A0025EB260CB87477D61A,
					A1CF5F701F08A743F70967EA,
					718E5407A0BA24C74BDA0901, ); runOnlyForDeploymentPostprocessing = 0; };
		42A43EE66372DE68BCDC8ED7 = {isa = PBXNativeTarget; buildConfigurationList = 91B1CABE8A70039F0B4BF5AB; buildPhases = (
					B5786DE269B5A6D457CBD5C5,
					D7205797DC127F180136BC51,
					08A59F263FA0E36D2B8748E0, ); buildRules = ( ); dependencies = (  ); name = "Clothes hanger - App"; productName = "Clothes hanger"; productReference = 32C0029DB4D373F9EEC7F3A1; productType = "com.apple.product-type.application"; };
		DB819D82059CFCC3E4240777 = {isa = PBXProject; buildConfigurationList = 0B2DDF179BCEAD1DADC12AA2; attributes = { LastUpgradeCheck = 0830; ORGANIZATIONNAME = ""; TargetAttributes = { 42A43EE66372DE68BCDC8ED7 = { SystemCapabilities = {com.apple.ApplicationGroups.iOS = { enabled = 0; }; com.apple.InAppPurchase = { enabled = 0; }; com.apple.InterAppAudio = { enabled = 0; }; com.apple.Push = { enabled = 0; }; com.apple.Sandbox = { enabled = 0; }; }; }; }; }; compatibilityVersion = "Xcode 3.2"; hasScannedForEncodings = 0; mainGroup = 7063C125D94FC0DCD83D3149; projectDirPath = ""; projectRoot = ""; targets = (42A43EE66372DE68BCDC8ED7); };
	};
	rootObject = DB819D82059CFCC3E4240777;
}
